
Microsoft Visual Studio Solution File, Format Version 12.00
# Visual Studio 15
Project("{FAE04EC0-301F-11D3-BF4B-00C04F79EFBC}") = "UnityEngine.TestRunner", "UnityEngine.TestRunner.csproj", "{5D7CCCD4-7AE5-610D-AF27-34FA4F1B81B2}"
EndProject
Project("{FAE04EC0-301F-11D3-BF4B-00C04F79EFBC}") = "Unity.Mathematics", "Unity.Mathematics.csproj", "{CA793C26-F78D-CF9B-8707-C512DF07BD33}"
EndProject
Project("{FAE04EC0-301F-11D3-BF4B-00C04F79EFBC}") = "Unity.2D.Animation.Triangle.Runtime", "Unity.2D.Animation.Triangle.Runtime.csproj", "{988715B4-A9F3-6896-C028-075D6E5FBA69}"
EndProject
Project("{FAE04EC0-301F-11D3-BF4B-00C04F79EFBC}") = "Unity.Timeline", "Unity.Timeline.csproj", "{032B18E3-6FBE-A84B-3C4B-3D6EB59AAE3D}"
EndProject
Project("{FAE04EC0-301F-11D3-BF4B-00C04F79EFBC}") = "UnityEngine.UI", "UnityEngine.UI.csproj", "{D5CFFF23-13E5-ED03-4AE4-BEBF829DA4E1}"
EndProject
Project("{FAE04EC0-301F-11D3-BF4B-00C04F79EFBC}") = "Unity.TextMeshPro", "Unity.TextMeshPro.csproj", "{E3D39A5E-EF68-90C2-6CE1-69D1885A01F8}"
EndProject
Project("{FAE04EC0-301F-11D3-BF4B-00C04F79EFBC}") = "Unity.2D.Animation.Runtime", "Unity.2D.Animation.Runtime.csproj", "{DB29044E-765B-1786-2EAB-CC3CDE3C42CE}"
EndProject
Project("{FAE04EC0-301F-11D3-BF4B-00C04F79EFBC}") = "Unity.2D.IK.Runtime", "Unity.2D.IK.Runtime.csproj", "{56A59590-A615-6704-BA2F-15EFD14C1118}"
EndProject
Project("{FAE04EC0-301F-11D3-BF4B-00C04F79EFBC}") = "Assembly-CSharp", "Assembly-CSharp.csproj", "{05E686A9-ED4C-3791-9336-839AF9305841}"
EndProject
Project("{FAE04EC0-301F-11D3-BF4B-00C04F79EFBC}") = "Unity.2D.SpriteShape.Runtime", "Unity.2D.SpriteShape.Runtime.csproj", "{2BD69D09-E1BF-757B-244A-9488E7041342}"
EndProject
Project("{FAE04EC0-301F-11D3-BF4B-00C04F79EFBC}") = "Unity.2D.PixelPerfect", "Unity.2D.PixelPerfect.csproj", "{80C77817-8610-59DD-3B75-4E61A73DD249}"
EndProject
Project("{FAE04EC0-301F-11D3-BF4B-00C04F79EFBC}") = "Unity.2D.Common.Runtime", "Unity.2D.Common.Runtime.csproj", "{D7E70290-CBB3-CE14-A3A3-BE76CD885BB5}"
EndProject
Project("{FAE04EC0-301F-11D3-BF4B-00C04F79EFBC}") = "Unity.InternalAPIEngineBridge.001", "Unity.InternalAPIEngineBridge.001.csproj", "{AAFD8C6B-4012-0E7A-431E-D67EA0E04746}"
EndProject
Project("{FAE04EC0-301F-11D3-BF4B-00C04F79EFBC}") = "UnityEditor.TestRunner", "UnityEditor.TestRunner.csproj", "{29D7081E-9649-0176-16EE-13F075E11EF8}"
EndProject
Project("{FAE04EC0-301F-11D3-BF4B-00C04F79EFBC}") = "Unity.PlasticSCM.Editor", "Unity.PlasticSCM.Editor.csproj", "{9098E704-DE0F-277D-085C-6B97044C4AD4}"
EndProject
Project("{FAE04EC0-301F-11D3-BF4B-00C04F79EFBC}") = "UnityEditor.UI", "UnityEditor.UI.csproj", "{18AF96B0-4689-C15F-0910-CCC3CFC830F6}"
EndProject
Project("{FAE04EC0-301F-11D3-BF4B-00C04F79EFBC}") = "Unity.Timeline.Editor", "Unity.Timeline.Editor.csproj", "{5DC0A768-5CC6-C1B0-E41C-9D7FEB990C87}"
EndProject
Project("{FAE04EC0-301F-11D3-BF4B-00C04F79EFBC}") = "Unity.VisualStudio.Editor", "Unity.VisualStudio.Editor.csproj", "{69BFFBE6-5EE9-FA35-C759-CF7A3F831D35}"
EndProject
Project("{FAE04EC0-301F-11D3-BF4B-00C04F79EFBC}") = "Unity.2D.Psdimporter.Editor", "Unity.2D.Psdimporter.Editor.csproj", "{E2B5ED6A-CCD0-D52A-940D-8F43B86965AE}"
EndProject
Project("{FAE04EC0-301F-11D3-BF4B-00C04F79EFBC}") = "Unity.2D.Animation.Editor", "Unity.2D.Animation.Editor.csproj", "{1044C125-0A66-20C8-41A5-45EC40F82E75}"
EndProject
Project("{FAE04EC0-301F-11D3-BF4B-00C04F79EFBC}") = "Unity.TextMeshPro.Editor", "Unity.TextMeshPro.Editor.csproj", "{C120FE49-9A5A-A4B2-963A-4AB17C22008D}"
EndProject
Project("{FAE04EC0-301F-11D3-BF4B-00C04F79EFBC}") = "Unity.2D.SpriteShape.Editor", "Unity.2D.SpriteShape.Editor.csproj", "{0E756BCC-E803-DA53-0890-7BD911D301D6}"
EndProject
Project("{FAE04EC0-301F-11D3-BF4B-00C04F79EFBC}") = "Unity.CollabProxy.Editor", "Unity.CollabProxy.Editor.csproj", "{A9B30792-4F1C-9A64-4B09-89901A97BA88}"
EndProject
Project("{FAE04EC0-301F-11D3-BF4B-00C04F79EFBC}") = "PsdPlugin", "PsdPlugin.csproj", "{3D3A1ACB-88F5-D761-8D90-C8B33F42A04B}"
EndProject
Project("{FAE04EC0-301F-11D3-BF4B-00C04F79EFBC}") = "Unity.2D.Path.Editor", "Unity.2D.Path.Editor.csproj", "{99617A36-E93C-7647-0072-BF3A0E34DB00}"
EndProject
Project("{FAE04EC0-301F-11D3-BF4B-00C04F79EFBC}") = "Unity.Rider.Editor", "Unity.Rider.Editor.csproj", "{3F7EA218-2A40-5B7D-D31D-D113649C064B}"
EndProject
Project("{FAE04EC0-301F-11D3-BF4B-00C04F79EFBC}") = "Unity.2D.IK.Editor", "Unity.2D.IK.Editor.csproj", "{3DD3CB18-5F2C-3AC7-95B6-694529C7D2BE}"
EndProject
Project("{FAE04EC0-301F-11D3-BF4B-00C04F79EFBC}") = "Unity.2D.Sprite.Editor", "Unity.2D.Sprite.Editor.csproj", "{E996A90D-3F9E-052C-56E2-397009C8112B}"
EndProject
Project("{FAE04EC0-301F-11D3-BF4B-00C04F79EFBC}") = "Unity.2D.Tilemap.Editor", "Unity.2D.Tilemap.Editor.csproj", "{025B562C-9785-F4B7-D3B4-F3BFB557A0AE}"
EndProject
Project("{FAE04EC0-301F-11D3-BF4B-00C04F79EFBC}") = "Unity.2D.PixelPerfect.Editor", "Unity.2D.PixelPerfect.Editor.csproj", "{5F520679-673F-2D1A-32F0-37110FCB6803}"
EndProject
Project("{FAE04EC0-301F-11D3-BF4B-00C04F79EFBC}") = "Unity.VSCode.Editor", "Unity.VSCode.Editor.csproj", "{28DE9F9F-F743-6B3F-E8AD-B959BFB011EA}"
EndProject
Project("{FAE04EC0-301F-11D3-BF4B-00C04F79EFBC}") = "Unity.2D.Common.Editor", "Unity.2D.Common.Editor.csproj", "{95A59ACB-B0B1-8F3C-08FD-6F0DC311807B}"
EndProject
Project("{FAE04EC0-301F-11D3-BF4B-00C04F79EFBC}") = "Unity.Mathematics.Editor", "Unity.Mathematics.Editor.csproj", "{A183BDEC-42A8-E1F8-BC33-48FBE3A7DC48}"
EndProject
Project("{FAE04EC0-301F-11D3-BF4B-00C04F79EFBC}") = "Unity.InternalAPIEditorBridge.001", "Unity.InternalAPIEditorBridge.001.csproj", "{9F0A906E-8626-3119-1D05-79FB61E8E6DE}"
EndProject
Global
	GlobalSection(SolutionConfigurationPlatforms) = preSolution
		Debug|Any CPU = Debug|Any CPU
		Release|Any CPU = Release|Any CPU
	EndGlobalSection
	GlobalSection(ProjectConfigurationPlatforms) = postSolution
		{5D7CCCD4-7AE5-610D-AF27-34FA4F1B81B2}.Debug|Any CPU.ActiveCfg = Debug|Any CPU
		{5D7CCCD4-7AE5-610D-AF27-34FA4F1B81B2}.Debug|Any CPU.Build.0 = Debug|Any CPU
		{5D7CCCD4-7AE5-610D-AF27-34FA4F1B81B2}.Release|Any CPU.ActiveCfg = Release|Any CPU
		{5D7CCCD4-7AE5-610D-AF27-34FA4F1B81B2}.Release|Any CPU.Build.0 = Release|Any CPU
		{CA793C26-F78D-CF9B-8707-C512DF07BD33}.Debug|Any CPU.ActiveCfg = Debug|Any CPU
		{CA793C26-F78D-CF9B-8707-C512DF07BD33}.Debug|Any CPU.Build.0 = Debug|Any CPU
		{CA793C26-F78D-CF9B-8707-C512DF07BD33}.Release|Any CPU.ActiveCfg = Release|Any CPU
		{CA793C26-F78D-CF9B-8707-C512DF07BD33}.Release|Any CPU.Build.0 = Release|Any CPU
		{988715B4-A9F3-6896-C028-075D6E5FBA69}.Debug|Any CPU.ActiveCfg = Debug|Any CPU
		{988715B4-A9F3-6896-C028-075D6E5FBA69}.Debug|Any CPU.Build.0 = Debug|Any CPU
		{988715B4-A9F3-6896-C028-075D6E5FBA69}.Release|Any CPU.ActiveCfg = Release|Any CPU
		{988715B4-A9F3-6896-C028-075D6E5FBA69}.Release|Any CPU.Build.0 = Release|Any CPU
		{032B18E3-6FBE-A84B-3C4B-3D6EB59AAE3D}.Debug|Any CPU.ActiveCfg = Debug|Any CPU
		{032B18E3-6FBE-A84B-3C4B-3D6EB59AAE3D}.Debug|Any CPU.Build.0 = Debug|Any CPU
		{032B18E3-6FBE-A84B-3C4B-3D6EB59AAE3D}.Release|Any CPU.ActiveCfg = Release|Any CPU
		{032B18E3-6FBE-A84B-3C4B-3D6EB59AAE3D}.Release|Any CPU.Build.0 = Release|Any CPU
		{D5CFFF23-13E5-ED03-4AE4-BEBF829DA4E1}.Debug|Any CPU.ActiveCfg = Debug|Any CPU
		{D5CFFF23-13E5-ED03-4AE4-BEBF829DA4E1}.Debug|Any CPU.Build.0 = Debug|Any CPU
		{D5CFFF23-13E5-ED03-4AE4-BEBF829DA4E1}.Release|Any CPU.ActiveCfg = Release|Any CPU
		{D5CFFF23-13E5-ED03-4AE4-BEBF829DA4E1}.Release|Any CPU.Build.0 = Release|Any CPU
		{E3D39A5E-EF68-90C2-6CE1-69D1885A01F8}.Debug|Any CPU.ActiveCfg = Debug|Any CPU
		{E3D39A5E-EF68-90C2-6CE1-69D1885A01F8}.Debug|Any CPU.Build.0 = Debug|Any CPU
		{E3D39A5E-EF68-90C2-6CE1-69D1885A01F8}.Release|Any CPU.ActiveCfg = Release|Any CPU
		{E3D39A5E-EF68-90C2-6CE1-69D1885A01F8}.Release|Any CPU.Build.0 = Release|Any CPU
		{DB29044E-765B-1786-2EAB-CC3CDE3C42CE}.Debug|Any CPU.ActiveCfg = Debug|Any CPU
		{DB29044E-765B-1786-2EAB-CC3CDE3C42CE}.Debug|Any CPU.Build.0 = Debug|Any CPU
		{DB29044E-765B-1786-2EAB-CC3CDE3C42CE}.Release|Any CPU.ActiveCfg = Release|Any CPU
		{DB29044E-765B-1786-2EAB-CC3CDE3C42CE}.Release|Any CPU.Build.0 = Release|Any CPU
		{56A59590-A615-6704-BA2F-15EFD14C1118}.Debug|Any CPU.ActiveCfg = Debug|Any CPU
		{56A59590-A615-6704-BA2F-15EFD14C1118}.Debug|Any CPU.Build.0 = Debug|Any CPU
		{56A59590-A615-6704-BA2F-15EFD14C1118}.Release|Any CPU.ActiveCfg = Release|Any CPU
		{56A59590-A615-6704-BA2F-15EFD14C1118}.Release|Any CPU.Build.0 = Release|Any CPU
		{05E686A9-ED4C-3791-9336-839AF9305841}.Debug|Any CPU.ActiveCfg = Debug|Any CPU
		{05E686A9-ED4C-3791-9336-839AF9305841}.Debug|Any CPU.Build.0 = Debug|Any CPU
		{05E686A9-ED4C-3791-9336-839AF9305841}.Release|Any CPU.ActiveCfg = Release|Any CPU
		{05E686A9-ED4C-3791-9336-839AF9305841}.Release|Any CPU.Build.0 = Release|Any CPU
		{2BD69D09-E1BF-757B-244A-9488E7041342}.Debug|Any CPU.ActiveCfg = Debug|Any CPU
		{2BD69D09-E1BF-757B-244A-9488E7041342}.Debug|Any CPU.Build.0 = Debug|Any CPU
		{2BD69D09-E1BF-757B-244A-9488E7041342}.Release|Any CPU.ActiveCfg = Release|Any CPU
		{2BD69D09-E1BF-757B-244A-9488E7041342}.Release|Any CPU.Build.0 = Release|Any CPU
		{80C77817-8610-59DD-3B75-4E61A73DD249}.Debug|Any CPU.ActiveCfg = Debug|Any CPU
		{80C77817-8610-59DD-3B75-4E61A73DD249}.Debug|Any CPU.Build.0 = Debug|Any CPU
		{80C77817-8610-59DD-3B75-4E61A73DD249}.Release|Any CPU.ActiveCfg = Release|Any CPU
		{80C77817-8610-59DD-3B75-4E61A73DD249}.Release|Any CPU.Build.0 = Release|Any CPU
		{D7E70290-CBB3-CE14-A3A3-BE76CD885BB5}.Debug|Any CPU.ActiveCfg = Debug|Any CPU
		{D7E70290-CBB3-CE14-A3A3-BE76CD885BB5}.Debug|Any CPU.Build.0 = Debug|Any CPU
		{D7E70290-CBB3-CE14-A3A3-BE76CD885BB5}.Release|Any CPU.ActiveCfg = Release|Any CPU
		{D7E70290-CBB3-CE14-A3A3-BE76CD885BB5}.Release|Any CPU.Build.0 = Release|Any CPU
		{AAFD8C6B-4012-0E7A-431E-D67EA0E04746}.Debug|Any CPU.ActiveCfg = Debug|Any CPU
		{AAFD8C6B-4012-0E7A-431E-D67EA0E04746}.Debug|Any CPU.Build.0 = Debug|Any CPU
		{AAFD8C6B-4012-0E7A-431E-D67EA0E04746}.Release|Any CPU.ActiveCfg = Release|Any CPU
		{AAFD8C6B-4012-0E7A-431E-D67EA0E04746}.Release|Any CPU.Build.0 = Release|Any CPU
		{29D7081E-9649-0176-16EE-13F075E11EF8}.Debug|Any CPU.ActiveCfg = Debug|Any CPU
		{29D7081E-9649-0176-16EE-13F075E11EF8}.Debug|Any CPU.Build.0 = Debug|Any CPU
		{29D7081E-9649-0176-16EE-13F075E11EF8}.Release|Any CPU.ActiveCfg = Release|Any CPU
		{29D7081E-9649-0176-16EE-13F075E11EF8}.Release|Any CPU.Build.0 = Release|Any CPU
		{9098E704-DE0F-277D-085C-6B97044C4AD4}.Debug|Any CPU.ActiveCfg = Debug|Any CPU
		{9098E704-DE0F-277D-085C-6B97044C4AD4}.Debug|Any CPU.Build.0 = Debug|Any CPU
		{9098E704-DE0F-277D-085C-6B97044C4AD4}.Release|Any CPU.ActiveCfg = Release|Any CPU
		{9098E704-DE0F-277D-085C-6B97044C4AD4}.Release|Any CPU.Build.0 = Release|Any CPU
		{18AF96B0-4689-C15F-0910-CCC3CFC830F6}.Debug|Any CPU.ActiveCfg = Debug|Any CPU
		{18AF96B0-4689-C15F-0910-CCC3CFC830F6}.Debug|Any CPU.Build.0 = Debug|Any CPU
		{18AF96B0-4689-C15F-0910-CCC3CFC830F6}.Release|Any CPU.ActiveCfg = Release|Any CPU
		{18AF96B0-4689-C15F-0910-CCC3CFC830F6}.Release|Any CPU.Build.0 = Release|Any CPU
		{5DC0A768-5CC6-C1B0-E41C-9D7FEB990C87}.Debug|Any CPU.ActiveCfg = Debug|Any CPU
		{5DC0A768-5CC6-C1B0-E41C-9D7FEB990C87}.Debug|Any CPU.Build.0 = Debug|Any CPU
		{5DC0A768-5CC6-C1B0-E41C-9D7FEB990C87}.Release|Any CPU.ActiveCfg = Release|Any CPU
		{5DC0A768-5CC6-C1B0-E41C-9D7FEB990C87}.Release|Any CPU.Build.0 = Release|Any CPU
		{69BFFBE6-5EE9-FA35-C759-CF7A3F831D35}.Debug|Any CPU.ActiveCfg = Debug|Any CPU
		{69BFFBE6-5EE9-FA35-C759-CF7A3F831D35}.Debug|Any CPU.Build.0 = Debug|Any CPU
		{69BFFBE6-5EE9-FA35-C759-CF7A3F831D35}.Release|Any CPU.ActiveCfg = Release|Any CPU
		{69BFFBE6-5EE9-FA35-C759-CF7A3F831D35}.Release|Any CPU.Build.0 = Release|Any CPU
		{E2B5ED6A-CCD0-D52A-940D-8F43B86965AE}.Debug|Any CPU.ActiveCfg = Debug|Any CPU
		{E2B5ED6A-CCD0-D52A-940D-8F43B86965AE}.Debug|Any CPU.Build.0 = Debug|Any CPU
		{E2B5ED6A-CCD0-D52A-940D-8F43B86965AE}.Release|Any CPU.ActiveCfg = Release|Any CPU
		{E2B5ED6A-CCD0-D52A-940D-8F43B86965AE}.Release|Any CPU.Build.0 = Release|Any CPU
		{1044C125-0A66-20C8-41A5-45EC40F82E75}.Debug|Any CPU.ActiveCfg = Debug|Any CPU
		{1044C125-0A66-20C8-41A5-45EC40F82E75}.Debug|Any CPU.Build.0 = Debug|Any CPU
		{1044C125-0A66-20C8-41A5-45EC40F82E75}.Release|Any CPU.ActiveCfg = Release|Any CPU
		{1044C125-0A66-20C8-41A5-45EC40F82E75}.Release|Any CPU.Build.0 = Release|Any CPU
		{C120FE49-9A5A-A4B2-963A-4AB17C22008D}.Debug|Any CPU.ActiveCfg = Debug|Any CPU
		{C120FE49-9A5A-A4B2-963A-4AB17C22008D}.Debug|Any CPU.Build.0 = Debug|Any CPU
		{C120FE49-9A5A-A4B2-963A-4AB17C22008D}.Release|Any CPU.ActiveCfg = Release|Any CPU
		{C120FE49-9A5A-A4B2-963A-4AB17C22008D}.Release|Any CPU.Build.0 = Release|Any CPU
		{0E756BCC-E803-DA53-0890-7BD911D301D6}.Debug|Any CPU.ActiveCfg = Debug|Any CPU
		{0E756BCC-E803-DA53-0890-7BD911D301D6}.Debug|Any CPU.Build.0 = Debug|Any CPU
		{0E756BCC-E803-DA53-0890-7BD911D301D6}.Release|Any CPU.ActiveCfg = Release|Any CPU
		{0E756BCC-E803-DA53-0890-7BD911D301D6}.Release|Any CPU.Build.0 = Release|Any CPU
		{A9B30792-4F1C-9A64-4B09-89901A97BA88}.Debug|Any CPU.ActiveCfg = Debug|Any CPU
		{A9B30792-4F1C-9A64-4B09-89901A97BA88}.Debug|Any CPU.Build.0 = Debug|Any CPU
		{A9B30792-4F1C-9A64-4B09-89901A97BA88}.Release|Any CPU.ActiveCfg = Release|Any CPU
		{A9B30792-4F1C-9A64-4B09-89901A97BA88}.Release|Any CPU.Build.0 = Release|Any CPU
		{3D3A1ACB-88F5-D761-8D90-C8B33F42A04B}.Debug|Any CPU.ActiveCfg = Debug|Any CPU
		{3D3A1ACB-88F5-D761-8D90-C8B33F42A04B}.Debug|Any CPU.Build.0 = Debug|Any CPU
		{3D3A1ACB-88F5-D761-8D90-C8B33F42A04B}.Release|Any CPU.ActiveCfg = Release|Any CPU
		{3D3A1ACB-88F5-D761-8D90-C8B33F42A04B}.Release|Any CPU.Build.0 = Release|Any CPU
		{99617A36-E93C-7647-0072-BF3A0E34DB00}.Debug|Any CPU.ActiveCfg = Debug|Any CPU
		{99617A36-E93C-7647-0072-BF3A0E34DB00}.Debug|Any CPU.Build.0 = Debug|Any CPU
		{99617A36-E93C-7647-0072-BF3A0E34DB00}.Release|Any CPU.ActiveCfg = Release|Any CPU
		{99617A36-E93C-7647-0072-BF3A0E34DB00}.Release|Any CPU.Build.0 = Release|Any CPU
		{3F7EA218-2A40-5B7D-D31D-D113649C064B}.Debug|Any CPU.ActiveCfg = Debug|Any CPU
		{3F7EA218-2A40-5B7D-D31D-D113649C064B}.Debug|Any CPU.Build.0 = Debug|Any CPU
		{3F7EA218-2A40-5B7D-D31D-D113649C064B}.Release|Any CPU.ActiveCfg = Release|Any CPU
		{3F7EA218-2A40-5B7D-D31D-D113649C064B}.Release|Any CPU.Build.0 = Release|Any CPU
		{3DD3CB18-5F2C-3AC7-95B6-694529C7D2BE}.Debug|Any CPU.ActiveCfg = Debug|Any CPU
		{3DD3CB18-5F2C-3AC7-95B6-694529C7D2BE}.Debug|Any CPU.Build.0 = Debug|Any CPU
		{3DD3CB18-5F2C-3AC7-95B6-694529C7D2BE}.Release|Any CPU.ActiveCfg = Release|Any CPU
		{3DD3CB18-5F2C-3AC7-95B6-694529C7D2BE}.Release|Any CPU.Build.0 = Release|Any CPU
		{E996A90D-3F9E-052C-56E2-397009C8112B}.Debug|Any CPU.ActiveCfg = Debug|Any CPU
		{E996A90D-3F9E-052C-56E2-397009C8112B}.Debug|Any CPU.Build.0 = Debug|Any CPU
		{E996A90D-3F9E-052C-56E2-397009C8112B}.Release|Any CPU.ActiveCfg = Release|Any CPU
		{E996A90D-3F9E-052C-56E2-397009C8112B}.Release|Any CPU.Build.0 = Release|Any CPU
		{025B562C-9785-F4B7-D3B4-F3BFB557A0AE}.Debug|Any CPU.ActiveCfg = Debug|Any CPU
		{025B562C-9785-F4B7-D3B4-F3BFB557A0AE}.Debug|Any CPU.Build.0 = Debug|Any CPU
		{025B562C-9785-F4B7-D3B4-F3BFB557A0AE}.Release|Any CPU.ActiveCfg = Release|Any CPU
		{025B562C-9785-F4B7-D3B4-F3BFB557A0AE}.Release|Any CPU.Build.0 = Release|Any CPU
		{5F520679-673F-2D1A-32F0-37110FCB6803}.Debug|Any CPU.ActiveCfg = Debug|Any CPU
		{5F520679-673F-2D1A-32F0-37110FCB6803}.Debug|Any CPU.Build.0 = Debug|Any CPU
		{5F520679-673F-2D1A-32F0-37110FCB6803}.Release|Any CPU.ActiveCfg = Release|Any CPU
		{5F520679-673F-2D1A-32F0-37110FCB6803}.Release|Any CPU.Build.0 = Release|Any CPU
		{28DE9F9F-F743-6B3F-E8AD-B959BFB011EA}.Debug|Any CPU.ActiveCfg = Debug|Any CPU
		{28DE9F9F-F743-6B3F-E8AD-B959BFB011EA}.Debug|Any CPU.Build.0 = Debug|Any CPU
		{28DE9F9F-F743-6B3F-E8AD-B959BFB011EA}.Release|Any CPU.ActiveCfg = Release|Any CPU
		{28DE9F9F-F743-6B3F-E8AD-B959BFB011EA}.Release|Any CPU.Build.0 = Release|Any CPU
		{95A59ACB-B0B1-8F3C-08FD-6F0DC311807B}.Debug|Any CPU.ActiveCfg = Debug|Any CPU
		{95A59ACB-B0B1-8F3C-08FD-6F0DC311807B}.Debug|Any CPU.Build.0 = Debug|Any CPU
		{95A59ACB-B0B1-8F3C-08FD-6F0DC311807B}.Release|Any CPU.ActiveCfg = Release|Any CPU
		{95A59ACB-B0B1-8F3C-08FD-6F0DC311807B}.Release|Any CPU.Build.0 = Release|Any CPU
		{A183BDEC-42A8-E1F8-BC33-48FBE3A7DC48}.Debug|Any CPU.ActiveCfg = Debug|Any CPU
		{A183BDEC-42A8-E1F8-BC33-48FBE3A7DC48}.Debug|Any CPU.Build.0 = Debug|Any CPU
		{A183BDEC-42A8-E1F8-BC33-48FBE3A7DC48}.Release|Any CPU.ActiveCfg = Release|Any CPU
		{A183BDEC-42A8-E1F8-BC33-48FBE3A7DC48}.Release|Any CPU.Build.0 = Release|Any CPU
		{9F0A906E-8626-3119-1D05-79FB61E8E6DE}.Debug|Any CPU.ActiveCfg = Debug|Any CPU
		{9F0A906E-8626-3119-1D05-79FB61E8E6DE}.Debug|Any CPU.Build.0 = Debug|Any CPU
		{9F0A906E-8626-3119-1D05-79FB61E8E6DE}.Release|Any CPU.ActiveCfg = Release|Any CPU
		{9F0A906E-8626-3119-1D05-79FB61E8E6DE}.Release|Any CPU.Build.0 = Release|Any CPU
	EndGlobalSection
	GlobalSection(SolutionProperties) = preSolution
		HideSolutionNode = FALSE
	EndGlobalSection
EndGlobal
